// !$*UTF8*$!
{
	archiveVersion = 1;
	classes = {
	};
	objectVersion = 50;
	objects = {

/* Begin PBXBuildFile section */
		23A5F46506DC23911DBDA459 /* Pods_iTunes_Media_App.framework in Frameworks */ = {isa = PBXBuildFile; fileRef = 1BF2277703E6AC2E10D998C1 /* Pods_iTunes_Media_App.framework */; };
		BF09C54F22F5FBAF00C239F8 /* AppDelegate.swift in Sources */ = {isa = PBXBuildFile; fileRef = BF09C54E22F5FBAF00C239F8 /* AppDelegate.swift */; };
		BF09C55622F5FBB000C239F8 /* Assets.xcassets in Resources */ = {isa = PBXBuildFile; fileRef = BF09C55522F5FBB000C239F8 /* Assets.xcassets */; };
		BF09C55922F5FBB000C239F8 /* LaunchScreen.storyboard in Resources */ = {isa = PBXBuildFile; fileRef = BF09C55722F5FBB000C239F8 /* LaunchScreen.storyboard */; };
		BF09C56422F5FBEF00C239F8 /* Song.swift in Sources */ = {isa = PBXBuildFile; fileRef = BF09C56322F5FBEF00C239F8 /* Song.swift */; };
		BF09C56922F6011C00C239F8 /* iTunesAPI.swift in Sources */ = {isa = PBXBuildFile; fileRef = BF09C56822F6011C00C239F8 /* iTunesAPI.swift */; };
		BF09C56B22F605E700C239F8 /* SongsViewController.swift in Sources */ = {isa = PBXBuildFile; fileRef = BF09C56A22F605E700C239F8 /* SongsViewController.swift */; };
		BF09C56D22F606E600C239F8 /* SongTableViewCell.swift in Sources */ = {isa = PBXBuildFile; fileRef = BF09C56C22F606E600C239F8 /* SongTableViewCell.swift */; };
/* End PBXBuildFile section */

/* Begin PBXFileReference section */
		1BF2277703E6AC2E10D998C1 /* Pods_iTunes_Media_App.framework */ = {isa = PBXFileReference; explicitFileType = wrapper.framework; includeInIndex = 0; path = Pods_iTunes_Media_App.framework; sourceTree = BUILT_PRODUCTS_DIR; };
		6CAE7B89031946CEA8089FC4 /* Pods-iTunes Media App.debug.xcconfig */ = {isa = PBXFileReference; includeInIndex = 1; lastKnownFileType = text.xcconfig; name = "Pods-iTunes Media App.debug.xcconfig"; path = "Pods/Target Support Files/Pods-iTunes Media App/Pods-iTunes Media App.debug.xcconfig"; sourceTree = "<group>"; };
		BF09C54B22F5FBAF00C239F8 /* iTunes Media App.app */ = {isa = PBXFileReference; explicitFileType = wrapper.application; includeInIndex = 0; path = "iTunes Media App.app"; sourceTree = BUILT_PRODUCTS_DIR; };
		BF09C54E22F5FBAF00C239F8 /* AppDelegate.swift */ = {isa = PBXFileReference; lastKnownFileType = sourcecode.swift; path = AppDelegate.swift; sourceTree = "<group>"; };
		BF09C55522F5FBB000C239F8 /* Assets.xcassets */ = {isa = PBXFileReference; lastKnownFileType = folder.assetcatalog; path = Assets.xcassets; sourceTree = "<group>"; };
		BF09C55822F5FBB000C239F8 /* Base */ = {isa = PBXFileReference; lastKnownFileType = file.storyboard; name = Base; path = Base.lproj/LaunchScreen.storyboard; sourceTree = "<group>"; };
		BF09C55A22F5FBB000C239F8 /* Info.plist */ = {isa = PBXFileReference; lastKnownFileType = text.plist.xml; path = Info.plist; sourceTree = "<group>"; };
		BF09C56322F5FBEF00C239F8 /* Song.swift */ = {isa = PBXFileReference; lastKnownFileType = sourcecode.swift; path = Song.swift; sourceTree = "<group>"; };
		BF09C56822F6011C00C239F8 /* iTunesAPI.swift */ = {isa = PBXFileReference; lastKnownFileType = sourcecode.swift; path = iTunesAPI.swift; sourceTree = "<group>"; };
		BF09C56A22F605E700C239F8 /* SongsViewController.swift */ = {isa = PBXFileReference; lastKnownFileType = sourcecode.swift; path = SongsViewController.swift; sourceTree = "<group>"; };
		BF09C56C22F606E600C239F8 /* SongTableViewCell.swift */ = {isa = PBXFileReference; lastKnownFileType = sourcecode.swift; path = SongTableViewCell.swift; sourceTree = "<group>"; };
		D124179F2261972F1F9901FC /* Pods-iTunes Media App.release.xcconfig */ = {isa = PBXFileReference; includeInIndex = 1; lastKnownFileType = text.xcconfig; name = "Pods-iTunes Media App.release.xcconfig"; path = "Pods/Target Support Files/Pods-iTunes Media App/Pods-iTunes Media App.release.xcconfig"; sourceTree = "<group>"; };
/* End PBXFileReference section */

/* Begin PBXFrameworksBuildPhase section */
		BF09C54822F5FBAF00C239F8 /* Frameworks */ = {
			isa = PBXFrameworksBuildPhase;
			buildActionMask = 2147483647;
			files = (
				23A5F46506DC23911DBDA459 /* Pods_iTunes_Media_App.framework in Frameworks */,
			);
			runOnlyForDeploymentPostprocessing = 0;
		};
/* End PBXFrameworksBuildPhase section */

/* Begin PBXGroup section */
		7986374D7CEE330831B6424C /* Frameworks */ = {
			isa = PBXGroup;
			children = (
				1BF2277703E6AC2E10D998C1 /* Pods_iTunes_Media_App.framework */,
			);
			name = Frameworks;
			sourceTree = "<group>";
		};
		B740CCF4FADD210058FFEFA4 /* Pods */ = {
			isa = PBXGroup;
			children = (
				6CAE7B89031946CEA8089FC4 /* Pods-iTunes Media App.debug.xcconfig */,
				D124179F2261972F1F9901FC /* Pods-iTunes Media App.release.xcconfig */,
			);
			name = Pods;
			sourceTree = "<group>";
		};
		BF09C54222F5FBAF00C239F8 = {
			isa = PBXGroup;
			children = (
				BF09C54D22F5FBAF00C239F8 /* iTunes Media App */,
				BF09C54C22F5FBAF00C239F8 /* Products */,
				B740CCF4FADD210058FFEFA4 /* Pods */,
				7986374D7CEE330831B6424C /* Frameworks */,
			);
			sourceTree = "<group>";
		};
		BF09C54C22F5FBAF00C239F8 /* Products */ = {
			isa = PBXGroup;
			children = (
				BF09C54B22F5FBAF00C239F8 /* iTunes Media App.app */,
			);
			name = Products;
			sourceTree = "<group>";
		};
		BF09C54D22F5FBAF00C239F8 /* iTunes Media App */ = {
			isa = PBXGroup;
			children = (
				BF09C56722F6011200C239F8 /* Networking */,
				BF09C56022F5FBCF00C239F8 /* Models */,
				BF09C56122F5FBD400C239F8 /* Views */,
				BF09C56222F5FBD900C239F8 /* Controllers */,
				BF09C54E22F5FBAF00C239F8 /* AppDelegate.swift */,
				BF09C55522F5FBB000C239F8 /* Assets.xcassets */,
				BF09C55722F5FBB000C239F8 /* LaunchScreen.storyboard */,
				BF09C55A22F5FBB000C239F8 /* Info.plist */,
			);
			path = "iTunes Media App";
			sourceTree = "<group>";
		};
		BF09C56022F5FBCF00C239F8 /* Models */ = {
			isa = PBXGroup;
			children = (
				BF09C56322F5FBEF00C239F8 /* Song.swift */,
			);
			path = Models;
			sourceTree = "<group>";
		};
		BF09C56122F5FBD400C239F8 /* Views */ = {
			isa = PBXGroup;
			children = (
				BF09C56C22F606E600C239F8 /* SongTableViewCell.swift */,
			);
			path = Views;
			sourceTree = "<group>";
		};
		BF09C56222F5FBD900C239F8 /* Controllers */ = {
			isa = PBXGroup;
			children = (
				BF09C56A22F605E700C239F8 /* SongsViewController.swift */,
			);
			path = Controllers;
			sourceTree = "<group>";
		};
		BF09C56722F6011200C239F8 /* Networking */ = {
			isa = PBXGroup;
			children = (
				BF09C56822F6011C00C239F8 /* iTunesAPI.swift */,
			);
			path = Networking;
			sourceTree = "<group>";
		};
/* End PBXGroup section */

/* Begin PBXNativeTarget section */
		BF09C54A22F5FBAF00C239F8 /* iTunes Media App */ = {
			isa = PBXNativeTarget;
			buildConfigurationList = BF09C55D22F5FBB000C239F8 /* Build configuration list for PBXNativeTarget "iTunes Media App" */;
			buildPhases = (
				1C258FC708862357A765B297 /* [CP] Check Pods Manifest.lock */,
				BF09C54722F5FBAF00C239F8 /* Sources */,
				BF09C54822F5FBAF00C239F8 /* Frameworks */,
				BF09C54922F5FBAF00C239F8 /* Resources */,
				BD8BCF6EEA251A967272AFC5 /* [CP] Embed Pods Frameworks */,
			);
			buildRules = (
			);
			dependencies = (
			);
			name = "iTunes Media App";
			productName = "iTunes Media App";
			productReference = BF09C54B22F5FBAF00C239F8 /* iTunes Media App.app */;
			productType = "com.apple.product-type.application";
		};
/* End PBXNativeTarget section */

/* Begin PBXProject section */
		BF09C54322F5FBAF00C239F8 /* Project object */ = {
			isa = PBXProject;
			attributes = {
				LastSwiftUpdateCheck = 1030;
				LastUpgradeCheck = 1030;
				ORGANIZATIONNAME = Amerino;
				TargetAttributes = {
					BF09C54A22F5FBAF00C239F8 = {
						CreatedOnToolsVersion = 10.3;
					};
				};
			};
			buildConfigurationList = BF09C54622F5FBAF00C239F8 /* Build configuration list for PBXProject "iTunes Media App" */;
			compatibilityVersion = "Xcode 9.3";
			developmentRegion = en;
			hasScannedForEncodings = 0;
			knownRegions = (
				en,
				Base,
			);
			mainGroup = BF09C54222F5FBAF00C239F8;
			productRefGroup = BF09C54C22F5FBAF00C239F8 /* Products */;
			projectDirPath = "";
			projectRoot = "";
			targets = (
				BF09C54A22F5FBAF00C239F8 /* iTunes Media App */,
			);
		};
/* End PBXProject section */

/* Begin PBXResourcesBuildPhase section */
		BF09C54922F5FBAF00C239F8 /* Resources */ = {
			isa = PBXResourcesBuildPhase;
			buildActionMask = 2147483647;
			files = (
				BF09C55922F5FBB000C239F8 /* LaunchScreen.storyboard in Resources */,
				BF09C55622F5FBB000C239F8 /* Assets.xcassets in Resources */,
			);
			runOnlyForDeploymentPostprocessing = 0;
		};
/* End PBXResourcesBuildPhase section */

/* Begin PBXShellScriptBuildPhase section */
		1C258FC708862357A765B297 /* [CP] Check Pods Manifest.lock */ = {
			isa = PBXShellScriptBuildPhase;
			buildActionMask = 2147483647;
			files = (
			);
			inputPaths = (
				"${PODS_PODFILE_DIR_PATH}/Podfile.lock",
				"${PODS_ROOT}/Manifest.lock",
			);
			name = "[CP] Check Pods Manifest.lock";
			outputPaths = (
				"$(DERIVED_FILE_DIR)/Pods-iTunes Media App-checkManifestLockResult.txt",
			);
			runOnlyForDeploymentPostprocessing = 0;
			shellPath = /bin/sh;
			shellScript = "diff \"${PODS_PODFILE_DIR_PATH}/Podfile.lock\" \"${PODS_ROOT}/Manifest.lock\" > /dev/null\nif [ $? != 0 ] ; then\n    # print error to STDERR\n    echo \"error: The sandbox is not in sync with the Podfile.lock. Run 'pod install' or update your CocoaPods installation.\" >&2\n    exit 1\nfi\n# This output is used by Xcode 'outputs' to avoid re-running this script phase.\necho \"SUCCESS\" > \"${SCRIPT_OUTPUT_FILE_0}\"\n";
			showEnvVarsInLog = 0;
		};
		BD8BCF6EEA251A967272AFC5 /* [CP] Embed Pods Frameworks */ = {
			isa = PBXShellScriptBuildPhase;
			buildActionMask = 2147483647;
			files = (
			);
			inputPaths = (
				"${SRCROOT}/Pods/Target Support Files/Pods-iTunes Media App/Pods-iTunes Media App-frameworks.sh",
				"${BUILT_PRODUCTS_DIR}/SDWebImage/SDWebImage.framework",
			);
			name = "[CP] Embed Pods Frameworks";
			outputPaths = (
				"${TARGET_BUILD_DIR}/${FRAMEWORKS_FOLDER_PATH}/SDWebImage.framework",
			);
			runOnlyForDeploymentPostprocessing = 0;
			shellPath = /bin/sh;
			shellScript = "\"${SRCROOT}/Pods/Target Support Files/Pods-iTunes Media App/Pods-iTunes Media App-frameworks.sh\"\n";
			showEnvVarsInLog = 0;
		};
/* End PBXShellScriptBuildPhase section */

/* Begin PBXSourcesBuildPhase section */
		BF09C54722F5FBAF00C239F8 /* Sources */ = {
			isa = PBXSourcesBuildPhase;
			buildActionMask = 2147483647;
			files = (
				BF09C56422F5FBEF00C239F8 /* Song.swift in Sources */,
				BF09C56B22F605E700C239F8 /* SongsViewController.swift in Sources */,
				BF09C56D22F606E600C239F8 /* SongTableViewCell.swift in Sources */,
				BF09C56922F6011C00C239F8 /* iTunesAPI.swift in Sources */,
				BF09C54F22F5FBAF00C239F8 /* AppDelegate.swift in Sources */,
			);
			runOnlyForDeploymentPostprocessing = 0;
		};
/* End PBXSourcesBuildPhase section */

/* Begin PBXVariantGroup section */
		BF09C55722F5FBB000C239F8 /* LaunchScreen.storyboard */ = {
			isa = PBXVariantGroup;
			children = (
				BF09C55822F5FBB000C239F8 /* Base */,
			);
			name = LaunchScreen.storyboard;
			sourceTree = "<group>";
		};
/* End PBXVariantGroup section */

/* Begin XCBuildConfiguration section */
		BF09C55B22F5FBB000C239F8 /* Debug */ = {
			isa = XCBuildConfiguration;
			buildSettings = {
				ALWAYS_SEARCH_USER_PATHS = NO;
				CLANG_ANALYZER_NONNULL = YES;
				CLANG_ANALYZER_NUMBER_OBJECT_CONVERSION = YES_AGGRESSIVE;
				CLANG_CXX_LANGUAGE_STANDARD = "gnu++14";
				CLANG_CXX_LIBRARY = "libc++";
				CLANG_ENABLE_MODULES = YES;
				CLANG_ENABLE_OBJC_ARC = YES;
				CLANG_ENABLE_OBJC_WEAK = YES;
				CLANG_WARN_BLOCK_CAPTURE_AUTORELEASING = YES;
				CLANG_WARN_BOOL_CONVERSION = YES;
				CLANG_WARN_COMMA = YES;
				CLANG_WARN_CONSTANT_CONVERSION = YES;
				CLANG_WARN_DEPRECATED_OBJC_IMPLEMENTATIONS = YES;
				CLANG_WARN_DIRECT_OBJC_ISA_USAGE = YES_ERROR;
				CLANG_WARN_DOCUMENTATION_COMMENTS = YES;
				CLANG_WARN_EMPTY_BODY = YES;
				CLANG_WARN_ENUM_CONVERSION = YES;
				CLANG_WARN_INFINITE_RECURSION = YES;
				CLANG_WARN_INT_CONVERSION = YES;
				CLANG_WARN_NON_LITERAL_NULL_CONVERSION = YES;
				CLANG_WARN_OBJC_IMPLICIT_RETAIN_SELF = YES;
				CLANG_WARN_OBJC_LITERAL_CONVERSION = YES;
				CLANG_WARN_OBJC_ROOT_CLASS = YES_ERROR;
				CLANG_WARN_RANGE_LOOP_ANALYSIS = YES;
				CLANG_WARN_STRICT_PROTOTYPES = YES;
				CLANG_WARN_SUSPICIOUS_MOVE = YES;
				CLANG_WARN_UNGUARDED_AVAILABILITY = YES_AGGRESSIVE;
				CLANG_WARN_UNREACHABLE_CODE = YES;
				CLANG_WARN__DUPLICATE_METHOD_MATCH = YES;
				CODE_SIGN_IDENTITY = "iPhone Developer";
				COPY_PHASE_STRIP = NO;
				DEBUG_INFORMATION_FORMAT = dwarf;
				ENABLE_STRICT_OBJC_MSGSEND = YES;
				ENABLE_TESTABILITY = YES;
				GCC_C_LANGUAGE_STANDARD = gnu11;
				GCC_DYNAMIC_NO_PIC = NO;
				GCC_NO_COMMON_BLOCKS = YES;
				GCC_OPTIMIZATION_LEVEL = 0;
				GCC_PREPROCESSOR_DEFINITIONS = (
					"DEBUG=1",
					"$(inherited)",
				);
				GCC_WARN_64_TO_32_BIT_CONVERSION = YES;
				GCC_WARN_ABOUT_RETURN_TYPE = YES_ERROR;
				GCC_WARN_UNDECLARED_SELECTOR = YES;
				GCC_WARN_UNINITIALIZED_AUTOS = YES_AGGRESSIVE;
				GCC_WARN_UNUSED_FUNCTION = YES;
				GCC_WARN_UNUSED_VARIABLE = YES;
				IPHONEOS_DEPLOYMENT_TARGET = 12.4;
				MTL_ENABLE_DEBUG_INFO = INCLUDE_SOURCE;
				MTL_FAST_MATH = YES;
				ONLY_ACTIVE_ARCH = YES;
				SDKROOT = iphoneos;
				SWIFT_ACTIVE_COMPILATION_CONDITIONS = DEBUG;
				SWIFT_OPTIMIZATION_LEVEL = "-Onone";
			};
			name = Debug;
		};
		BF09C55C22F5FBB000C239F8 /* Release */ = {
			isa = XCBuildConfiguration;
			buildSettings = {
				ALWAYS_SEARCH_USER_PATHS = NO;
				CLANG_ANALYZER_NONNULL = YES;
				CLANG_ANALYZER_NUMBER_OBJECT_CONVERSION = YES_AGGRESSIVE;
				CLANG_CXX_LANGUAGE_STANDARD = "gnu++14";
				CLANG_CXX_LIBRARY = "libc++";
				CLANG_ENABLE_MODULES = YES;
				CLANG_ENABLE_OBJC_ARC = YES;
				CLANG_ENABLE_OBJC_WEAK = YES;
				CLANG_WARN_BLOCK_CAPTURE_AUTORELEASING = YES;
				CLANG_WARN_BOOL_CONVERSION = YES;
				CLANG_WARN_COMMA = YES;
				CLANG_WARN_CONSTANT_CONVERSION = YES;
				CLANG_WARN_DEPRECATED_OBJC_IMPLEMENTATIONS = YES;
				CLANG_WARN_DIRECT_OBJC_ISA_USAGE = YES_ERROR;
				CLANG_WARN_DOCUMENTATION_COMMENTS = YES;
				CLANG_WARN_EMPTY_BODY = YES;
				CLANG_WARN_ENUM_CONVERSION = YES;
				CLANG_WARN_INFINITE_RECURSION = YES;
				CLANG_WARN_INT_CONVERSION = YES;
				CLANG_WARN_NON_LITERAL_NULL_CONVERSION = YES;
				CLANG_WARN_OBJC_IMPLICIT_RETAIN_SELF = YES;
				CLANG_WARN_OBJC_LITERAL_CONVERSION = YES;
				CLANG_WARN_OBJC_ROOT_CLASS = YES_ERROR;
				CLANG_WARN_RANGE_LOOP_ANALYSIS = YES;
				CLANG_WARN_STRICT_PROTOTYPES = YES;
				CLANG_WARN_SUSPICIOUS_MOVE = YES;
				CLANG_WARN_UNGUARDED_AVAILABILITY = YES_AGGRESSIVE;
				CLANG_WARN_UNREACHABLE_CODE = YES;
				CLANG_WARN__DUPLICATE_METHOD_MATCH = YES;
				CODE_SIGN_IDENTITY = "iPhone Developer";
				COPY_PHASE_STRIP = NO;
				DEBUG_INFORMATION_FORMAT = "dwarf-with-dsym";
				ENABLE_NS_ASSERTIONS = NO;
				ENABLE_STRICT_OBJC_MSGSEND = YES;
				GCC_C_LANGUAGE_STANDARD = gnu11;
				GCC_NO_COMMON_BLOCKS = YES;
				GCC_WARN_64_TO_32_BIT_CONVERSION = YES;
				GCC_WARN_ABOUT_RETURN_TYPE = YES_ERROR;
				GCC_WARN_UNDECLARED_SELECTOR = YES;
				GCC_WARN_UNINITIALIZED_AUTOS = YES_AGGRESSIVE;
				GCC_WARN_UNUSED_FUNCTION = YES;
				GCC_WARN_UNUSED_VARIABLE = YES;
				IPHONEOS_DEPLOYMENT_TARGET = 12.4;
				MTL_ENABLE_DEBUG_INFO = NO;
				MTL_FAST_MATH = YES;
				SDKROOT = iphoneos;
				SWIFT_COMPILATION_MODE = wholemodule;
				SWIFT_OPTIMIZATION_LEVEL = "-O";
				VALIDATE_PRODUCT = YES;
			};
			name = Release;
		};
		BF09C55E22F5FBB000C239F8 /* Debug */ = {
			isa = XCBuildConfiguration;
			baseConfigurationReference = 6CAE7B89031946CEA8089FC4 /* Pods-iTunes Media App.debug.xcconfig */;
			buildSettings = {
				ASSETCATALOG_COMPILER_APPICON_NAME = AppIcon;
				CODE_SIGN_STYLE = Automatic;
				DEVELOPMENT_TEAM = 695JVU9K87;
				INFOPLIST_FILE = "iTunes Media App/Info.plist";
				IPHONEOS_DEPLOYMENT_TARGET = 10.2;
				LD_RUNPATH_SEARCH_PATHS = (
					"$(inherited)",
					"@executable_path/Frameworks",
				);
				PRODUCT_BUNDLE_IDENTIFIER = "com.amerino.iTunes-Media-App";
				PRODUCT_NAME = "$(TARGET_NAME)";
				SWIFT_VERSION = 5.0;
				TARGETED_DEVICE_FAMILY = "1,2";
			};
			name = Debug;
		};
		BF09C55F22F5FBB000C239F8 /* Release */ = {
			isa = XCBuildConfiguration;
			baseConfigurationReference = D124179F2261972F1F9901FC /* Pods-iTunes Media App.release.xcconfig */;
			buildSettings = {
				ASSETCATALOG_COMPILER_APPICON_NAME = AppIcon;
				CODE_SIGN_STYLE = Automatic;
				DEVELOPMENT_TEAM = 695JVU9K87;
				INFOPLIST_FILE = "iTunes Media App/Info.plist";
				IPHONEOS_DEPLOYMENT_TARGET = 10.2;
				LD_RUNPATH_SEARCH_PATHS = (
					"$(inherited)",
					"@executable_path/Frameworks",
				);
				PRODUCT_BUNDLE_IDENTIFIER = "com.amerino.iTunes-Media-App";
				PRODUCT_NAME = "$(TARGET_NAME)";
				SWIFT_VERSION = 5.0;
				TARGETED_DEVICE_FAMILY = "1,2";
			};
			name = Release;
		};
/* End XCBuildConfiguration section */

/* Begin XCConfigurationList section */
		BF09C54622F5FBAF00C239F8 /* Build configuration list for PBXProject "iTunes Media App" */ = {
			isa = XCConfigurationList;
			buildConfigurations = (
				BF09C55B22F5FBB000C239F8 /* Debug */,
				BF09C55C22F5FBB000C239F8 /* Release */,
			);
			defaultConfigurationIsVisible = 0;
			defaultConfigurationName = Release;
		};
		BF09C55D22F5FBB000C239F8 /* Build configuration list for PBXNativeTarget "iTunes Media App" */ = {
			isa = XCConfigurationList;
			buildConfigurations = (
				BF09C55E22F5FBB000C239F8 /* Debug */,
				BF09C55F22F5FBB000C239F8 /* Release */,
			);
			defaultConfigurationIsVisible = 0;
			defaultConfigurationName = Release;
		};
/* End XCConfigurationList section */
	};
	rootObject = BF09C54322F5FBAF00C239F8 /* Project object */;
}
